// !$*UTF8*$!
{
	archiveVersion = 1;
	classes = {
	};
	objectVersion = 46;
	objects = {

/* Begin PBXBuildFile section */
		DAF267531F1E54BC00E8012B /* AppDelegate.swift in Sources */ = {isa = PBXBuildFile; fileRef = DAF267521F1E54BC00E8012B /* AppDelegate.swift */; };
		DAF267551F1E54BC00E8012B /* ViewController.swift in Sources */ = {isa = PBXBuildFile; fileRef = DAF267541F1E54BC00E8012B /* ViewController.swift */; };
		DAF267581F1E54BC00E8012B /* Main.storyboard in Resources */ = {isa = PBXBuildFile; fileRef = DAF267561F1E54BC00E8012B /* Main.storyboard */; };
		DAF2675A1F1E54BC00E8012B /* Assets.xcassets in Resources */ = {isa = PBXBuildFile; fileRef = DAF267591F1E54BC00E8012B /* Assets.xcassets */; };
		DAF2675D1F1E54BC00E8012B /* LaunchScreen.storyboard in Resources */ = {isa = PBXBuildFile; fileRef = DAF2675B1F1E54BC00E8012B /* LaunchScreen.storyboard */; };
/* End PBXBuildFile section */

/* Begin PBXFileReference section */
		DAF2674F1F1E54BC00E8012B /* Woking with JSON.app */ = {isa = PBXFileReference; explicitFileType = wrapper.application; includeInIndex = 0; path = "Woking with JSON.app"; sourceTree = BUILT_PRODUCTS_DIR; };
		DAF267521F1E54BC00E8012B /* AppDelegate.swift */ = {isa = PBXFileReference; lastKnownFileType = sourcecode.swift; path = AppDelegate.swift; sourceTree = "<group>"; };
		DAF267541F1E54BC00E8012B /* ViewController.swift */ = {isa = PBXFileReference; lastKnownFileType = sourcecode.swift; path = ViewController.swift; sourceTree = "<group>"; };
		DAF267571F1E54BC00E8012B /* Base */ = {isa = PBXFileReference; lastKnownFileType = file.storyboard; name = Base; path = Base.lproj/Main.storyboard; sourceTree = "<group>"; };
		DAF267591F1E54BC00E8012B /* Assets.xcassets */ = {isa = PBXFileReference; lastKnownFileType = folder.assetcatalog; path = Assets.xcassets; sourceTree = "<group>"; };
		DAF2675C1F1E54BC00E8012B /* Base */ = {isa = PBXFileReference; lastKnownFileType = file.storyboard; name = Base; path = Base.lproj/LaunchScreen.storyboard; sourceTree = "<group>"; };
		DAF2675E1F1E54BC00E8012B /* Info.plist */ = {isa = PBXFileReference; lastKnownFileType = text.plist.xml; path = Info.plist; sourceTree = "<group>"; };
/* End PBXFileReference section */

/* Begin PBXFrameworksBuildPhase section */
		DAF2674C1F1E54BC00E8012B /* Frameworks */ = {
			isa = PBXFrameworksBuildPhase;
			buildActionMask = 2147483647;
			files = (
			);
			runOnlyForDeploymentPostprocessing = 0;
		};
/* End PBXFrameworksBuildPhase section */

/* Begin PBXGroup section */
		DAF267461F1E54BC00E8012B = {
			isa = PBXGroup;
			children = (
				DAF267511F1E54BC00E8012B /* Woking with JSON */,
				DAF267501F1E54BC00E8012B /* Products */,
			);
			sourceTree = "<group>";
		};
		DAF267501F1E54BC00E8012B /* Products */ = {
			isa = PBXGroup;
			children = (
				DAF2674F1F1E54BC00E8012B /* Woking with JSON.app */,
			);
			name = Products;
			sourceTree = "<group>";
		};
		DAF267511F1E54BC00E8012B /* Woking with JSON */ = {
			isa = PBXGroup;
			children = (
				DAF267521F1E54BC00E8012B /* AppDelegate.swift */,
				DAF267541F1E54BC00E8012B /* ViewController.swift */,
				DAF267561F1E54BC00E8012B /* Main.storyboard */,
				DAF267591F1E54BC00E8012B /* Assets.xcassets */,
				DAF2675B1F1E54BC00E8012B /* LaunchScreen.storyboard */,
				DAF2675E1F1E54BC00E8012B /* Info.plist */,
			);
			path = "Woking with JSON";
			sourceTree = "<group>";
		};
/* End PBXGroup section */

/* Begin PBXNativeTarget section */
		DAF2674E1F1E54BC00E8012B /* Woking with JSON */ = {
			isa = PBXNativeTarget;
			buildConfigurationList = DAF267611F1E54BC00E8012B /* Build configuration list for PBXNativeTarget "Woking with JSON" */;
			buildPhases = (
				DAF2674B1F1E54BC00E8012B /* Sources */,
				DAF2674C1F1E54BC00E8012B /* Frameworks */,
				DAF2674D1F1E54BC00E8012B /* Resources */,
			);
			buildRules = (
			);
			dependencies = (
			);
			name = "Woking with JSON";
			productName = "Woking with JSON";
			productReference = DAF2674F1F1E54BC00E8012B /* Woking with JSON.app */;
			productType = "com.apple.product-type.application";
		};
/* End PBXNativeTarget section */

/* Begin PBXProject section */
		DAF267471F1E54BC00E8012B /* Project object */ = {
			isa = PBXProject;
			attributes = {
				LastSwiftUpdateCheck = 0830;
				LastUpgradeCheck = 0830;
				ORGANIZATIONNAME = Paul;
				TargetAttributes = {
					DAF2674E1F1E54BC00E8012B = {
						CreatedOnToolsVersion = 8.3.3;
						ProvisioningStyle = Automatic;
					};
				};
			};
			buildConfigurationList = DAF2674A1F1E54BC00E8012B /* Build configuration list for PBXProject "Woking with JSON" */;
			compatibilityVersion = "Xcode 3.2";
			developmentRegion = English;
			hasScannedForEncodings = 0;
			knownRegions = (
				en,
				Base,
			);
			mainGroup = DAF267461F1E54BC00E8012B;
			productRefGroup = DAF267501F1E54BC00E8012B /* Products */;
			projectDirPath = "";
			projectRoot = "";
			targets = (
				DAF2674E1F1E54BC00E8012B /* Woking with JSON */,
			);
		};
/* End PBXProject section */

/* Begin PBXResourcesBuildPhase section */
		DAF2674D1F1E54BC00E8012B /* Resources */ = {
			isa = PBXResourcesBuildPhase;
			buildActionMask = 2147483647;
			files = (
				DAF2675D1F1E54BC00E8012B /* LaunchScreen.storyboard in Resources */,
				DAF2675A1F1E54BC00E8012B /* Assets.xcassets in Resources */,
				DAF267581F1E54BC00E8012B /* Main.storyboard in Resources */,
			);
			runOnlyForDeploymentPostprocessing = 0;
		};
/* End PBXResourcesBuildPhase section */

/* Begin PBXSourcesBuildPhase section */
		DAF2674B1F1E54BC00E8012B /* Sources */ = {
			isa = PBXSourcesBuildPhase;
			buildActionMask = 2147483647;
			files = (
				DAF267551F1E54BC00E8012B /* ViewController.swift in Sources */,
				DAF267531F1E54BC00E8012B /* AppDelegate.swift in Sources */,
			);
			runOnlyForDeploymentPostprocessing = 0;
		};
/* End PBXSourcesBuildPhase section */

/* Begin PBXVariantGroup section */
		DAF267561F1E54BC00E8012B /* Main.storyboard */ = {
			isa = PBXVariantGroup;
			children = (
				DAF267571F1E54BC00E8012B /* Base */,
			);
			name = Main.storyboard;
			sourceTree = "<group>";
		};
		DAF2675B1F1E54BC00E8012B /* LaunchScreen.storyboard */ = {
			isa = PBXVariantGroup;
			children = (
				DAF2675C1F1E54BC00E8012B /* Base */,
			);
			name = LaunchScreen.storyboard;
			sourceTree = "<group>";
		};
/* End PBXVariantGroup section */

/* Begin XCBuildConfiguration section */
		DAF2675F1F1E54BC00E8012B /* Debug */ = {
			isa = XCBuildConfiguration;
			buildSettings = {
				ALWAYS_SEARCH_USER_PATHS = NO;
				CLANG_ANALYZER_NONNULL = YES;
				CLANG_ANALYZER_NUMBER_OBJECT_CONVERSION = YES_AGGRESSIVE;
				CLANG_CXX_LANGUAGE_STANDARD = "gnu++0x";
				CLANG_CXX_LIBRARY = "libc++";
				CLANG_ENABLE_MODULES = YES;
				CLANG_ENABLE_OBJC_ARC = YES;
				CLANG_WARN_BOOL_CONVERSION = YES;
				CLANG_WARN_CONSTANT_CONVERSION = YES;
				CLANG_WARN_DIRECT_OBJC_ISA_USAGE = YES_ERROR;
				CLANG_WARN_DOCUMENTATION_COMMENTS = YES;
				CLANG_WARN_EMPTY_BODY = YES;
				CLANG_WARN_ENUM_CONVERSION = YES;
				CLANG_WARN_INFINITE_RECURSION = YES;
				CLANG_WARN_INT_CONVERSION = YES;
				CLANG_WARN_OBJC_ROOT_CLASS = YES_ERROR;
				CLANG_WARN_SUSPICIOUS_MOVE = YES;
				CLANG_WARN_UNREACHABLE_CODE = YES;
				CLANG_WARN__DUPLICATE_METHOD_MATCH = YES;
				"CODE_SIGN_IDENTITY[sdk=iphoneos*]" = "iPhone Developer";
				COPY_PHASE_STRIP = NO;
				DEBUG_INFORMATION_FORMAT = dwarf;
				ENABLE_STRICT_OBJC_MSGSEND = YES;
				ENABLE_TESTABILITY = YES;
				GCC_C_LANGUAGE_STANDARD = gnu99;
				GCC_DYNAMIC_NO_PIC = NO;
				GCC_NO_COMMON_BLOCKS = YES;
				GCC_OPTIMIZATION_LEVEL = 0;
				GCC_PREPROCESSOR_DEFINITIONS = (
					"DEBUG=1",
					"$(inherited)",
				);
				GCC_WARN_64_TO_32_BIT_CONVERSION = YES;
				GCC_WARN_ABOUT_RETURN_TYPE = YES_ERROR;
				GCC_WARN_UNDECLARED_SELECTOR = YES;
				GCC_WARN_UNINITIALIZED_AUTOS = YES_AGGRESSIVE;
				GCC_WARN_UNUSED_FUNCTION = YES;
				GCC_WARN_UNUSED_VARIABLE = YES;
				IPHONEOS_DEPLOYMENT_TARGET = 10.3;
				MTL_ENABLE_DEBUG_INFO = YES;
				ONLY_ACTIVE_ARCH = YES;
				SDKROOT = iphoneos;
				SWIFT_ACTIVE_COMPILATION_CONDITIONS = DEBUG;
				SWIFT_OPTIMIZATION_LEVEL = "-Onone";
			};
			name = Debug;
		};
		DAF267601F1E54BC00E8012B /* Release */ = {
			isa = XCBuildConfiguration;
			buildSettings = {
				ALWAYS_SEARCH_USER_PATHS = NO;
				CLANG_ANALYZER_NONNULL = YES;
				CLANG_ANALYZER_NUMBER_OBJECT_CONVERSION = YES_AGGRESSIVE;
				CLANG_CXX_LANGUAGE_STANDARD = "gnu++0x";
				CLANG_CXX_LIBRARY = "libc++";
				CLANG_ENABLE_MODULES = YES;
				CLANG_ENABLE_OBJC_ARC = YES;
				CLANG_WARN_BOOL_CONVERSION = YES;
				CLANG_WARN_CONSTANT_CONVERSION = YES;
				CLANG_WARN_DIRECT_OBJC_ISA_USAGE = YES_ERROR;
				CLANG_WARN_DOCUMENTATION_COMMENTS = YES;
				CLANG_WARN_EMPTY_BODY = YES;
				CLANG_WARN_ENUM_CONVERSION = YES;
				CLANG_WARN_INFINITE_RECURSION = YES;
				CLANG_WARN_INT_CONVERSION = YES;
				CLANG_WARN_OBJC_ROOT_CLASS = YES_ERROR;
				CLANG_WARN_SUSPICIOUS_MOVE = YES;
				CLANG_WARN_UNREACHABLE_CODE = YES;
				CLANG_WARN__DUPLICATE_METHOD_MATCH = YES;
				"CODE_SIGN_IDENTITY[sdk=iphoneos*]" = "iPhone Developer";
				COPY_PHASE_STRIP = NO;
				DEBUG_INFORMATION_FORMAT = "dwarf-with-dsym";
				ENABLE_NS_ASSERTIONS = NO;
				ENABLE_STRICT_OBJC_MSGSEND = YES;
				GCC_C_LANGUAGE_STANDARD = gnu99;
				GCC_NO_COMMON_BLOCKS = YES;
				GCC_WARN_64_TO_32_BIT_CONVERSION = YES;
				GCC_WARN_ABOUT_RETURN_TYPE = YES_ERROR;
				GCC_WARN_UNDECLARED_SELECTOR = YES;
				GCC_WARN_UNINITIALIZED_AUTOS = YES_AGGRESSIVE;
				GCC_WARN_UNUSED_FUNCTION = YES;
				GCC_WARN_UNUSED_VARIABLE = YES;
				IPHONEOS_DEPLOYMENT_TARGET = 10.3;
				MTL_ENABLE_DEBUG_INFO = NO;
				SDKROOT = iphoneos;
				SWIFT_OPTIMIZATION_LEVEL = "-Owholemodule";
				VALIDATE_PRODUCT = YES;
			};
			name = Release;
		};
		DAF267621F1E54BC00E8012B /* Debug */ = {
			isa = XCBuildConfiguration;
			buildSettings = {
				ASSETCATALOG_COMPILER_APPICON_NAME = AppIcon;
				INFOPLIST_FILE = "Woking with JSON/Info.plist";
				LD_RUNPATH_SEARCH_PATHS = "$(inherited) @executable_path/Frameworks";
				PRODUCT_BUNDLE_IDENTIFIER = "Paul.com.Woking-with-JSON";
				PRODUCT_NAME = "$(TARGET_NAME)";
				SWIFT_VERSION = 3.0;
			};
			name = Debug;
		};
		DAF267631F1E54BC00E8012B /* Release */ = {
			isa = XCBuildConfiguration;
			buildSettings = {
				ASSETCATALOG_COMPILER_APPICON_NAME = AppIcon;
				INFOPLIST_FILE = "Woking with JSON/Info.plist";
				LD_RUNPATH_SEARCH_PATHS = "$(inherited) @executable_path/Frameworks";
				PRODUCT_BUNDLE_IDENTIFIER = "Paul.com.Woking-with-JSON";
				PRODUCT_NAME = "$(TARGET_NAME)";
				SWIFT_VERSION = 3.0;
			};
			name = Release;
		};
/* End XCBuildConfiguration section */

/* Begin XCConfigurationList section */
		DAF2674A1F1E54BC00E8012B /* Build configuration list for PBXProject "Woking with JSON" */ = {
			isa = XCConfigurationList;
			buildConfigurations = (
				DAF2675F1F1E54BC00E8012B /* Debug */,
				DAF267601F1E54BC00E8012B /* Release */,
			);
			defaultConfigurationIsVisible = 0;
			defaultConfigurationName = Release;
		};
		DAF267611F1E54BC00E8012B /* Build configuration list for PBXNativeTarget "Woking with JSON" */ = {
			isa = XCConfigurationList;
			buildConfigurations = (
				DAF267621F1E54BC00E8012B /* Debug */,
				DAF267631F1E54BC00E8012B /* Release */,
			);
			defaultConfigurationIsVisible = 0;
		};
/* End XCConfigurationList section */
	};
	rootObject = DAF267471F1E54BC00E8012B /* Project object */;
}
